# requirements.lock — pinned dependencies for reproducible CI builds.
#
# AUD-008: the previous lock file was not a real lock file. It was hand-written
# and internally unsatisfiable — it pinned numba==0.60.0 together with
# numpy==2.5.0, but numba 0.60 requires numpy<2.1, so `pip install -r
# requirements.lock` could never resolve. It also pinned versions that did not
# exist at the time it claimed to be generated (matplotlib 3.11.0, scipy
# 1.17.1, scikit-image 0.26.0), and it was never generated by pip-compile
# despite the header saying so. CI depended on this file, which is one reason
# CI had never produced a green run.
#
# Regenerate properly, do not hand-edit:
#     pip install pip-tools
#     pip-compile --output-file=requirements.lock pyproject.toml
#
# Until that is run in the target environment, install from requirements.txt or
# `pip install -e ".[dev]"` instead.
#
# AUD-173 — esta cabecera decía que los pines de abajo se habían verificado
# «mutually resolvable on Python 3.10-3.13». No es cierto: `numpy==1.26.4` es
# la última 1.x y sus ruedas llegan hasta Python 3.12. En 3.13 no existe
# ninguna, así que este fichero **no se puede instalar** en el intérprete más
# nuevo de la matriz del CI.
#
# No se han retocado los pines a mano: este fichero ya lleva escrito arriba que
# se regenera con `pip-compile`, y hand-editarlo es exactamente lo que produjo
# el lock imposible de AUD-008. Lo que hay que hacer, en la máquina destino y
# con el `pyproject.toml` ya corregido:
#
#     pip install pip-tools
#     pip-compile --output-file=requirements.lock pyproject.toml
#
# Hasta entonces, los pines de abajo valen para 3.11 y 3.12 y no para 3.13.
# Queda registrado como GAP-022.

# Core engine
pygame-ce==2.5.7
numpy==1.26.4
pymunk==6.6.0

# Data & validation
pydantic==2.7.4
orjson==3.10.0

# UI
pygame-gui==0.6.9

# Academic / processing
scipy==1.15.3
opencv-python==4.11.0.86
scikit-image==0.25.2
scikit-learn==1.7.2
Pillow==12.2.0

# Map / level
PyTMX==3.32
pyscroll==2.31

# ML / parallelism
joblib==1.5.3
matplotlib==3.10.9

# Transitive dependencies
contourpy==1.3.3
cycler==0.12.1
fonttools==4.63.0
kiwisolver==1.5.0
packaging==26.2
pyparsing==3.3.2
python-dateutil==2.9.0
six==1.17.0
threadpoolctl==3.6.0
typing_extensions==4.12.0
